{
  "name": "static",
  "lockfileVersion": 3,
  "requires": true,
  "packages": {
    "": {
      "dependencies": {
        "pnpm": "^8.10.5"
      }
    },
    "node_modules/pnpm": {
      "version": "8.10.5",
      "resolved": "https://registry.npmjs.org/pnpm/-/pnpm-8.10.5.tgz",
      "integrity": "sha512-nBYfQz2FVRxY8bOhCxjMPfcrWgLSyu5lZswFtvIK3e+UfnldkMOQM7+S3lUXfq1p2H9iqdqtyR56LjtY9JNToA==",
      "bin": {
        "pnpm": "bin/pnpm.cjs",
        "pnpx": "bin/pnpx.cjs"
      },
      "engines": {
        "node": ">=16.14"
      },
      "funding": {
        "url": "https://opencollective.com/pnpm"
      }
    }
  }
}
